
Microsoft Visual Studio Solution File, Format Version 12.00
# Visual Studio Version 17
VisualStudioVersion = 17.3.32825.248
MinimumVisualStudioVersion = 10.0.40219.1
Project("{FAE04EC0-301F-11D3-BF4B-00C04F79EFBC}") = "курсовая 2.0", "курсовая 2.0\курсовая 2.0.csproj", "{41A4D883-7660-432A-9597-E7CC64D05250}"
EndProject
Global
	GlobalSection(SolutionConfigurationPlatforms) = preSolution
		Debug|Any CPU = Debug|Any CPU
		Release|Any CPU = Release|Any CPU
	EndGlobalSection
	GlobalSection(ProjectConfigurationPlatforms) = postSolution
		{41A4D883-7660-432A-9597-E7CC64D05250}.Debug|Any CPU.ActiveCfg = Debug|Any CPU
		{41A4D883-7660-432A-9597-E7CC64D05250}.Debug|Any CPU.Build.0 = Debug|Any CPU
		{41A4D883-7660-432A-9597-E7CC64D05250}.Release|Any CPU.ActiveCfg = Release|Any CPU
		{41A4D883-7660-432A-9597-E7CC64D05250}.Release|Any CPU.Build.0 = Release|Any CPU
	EndGlobalSection
	GlobalSection(SolutionProperties) = preSolution
		HideSolutionNode = FALSE
	EndGlobalSection
	GlobalSection(ExtensibilityGlobals) = postSolution
		SolutionGuid = {16414204-B336-4766-ACF8-456C873E3423}
	EndGlobalSection
EndGlobal
